
Microsoft Visual Studio Solution File, Format Version 12.00
# Visual Studio Version 16
VisualStudioVersion = 16.0.31624.102
MinimumVisualStudioVersion = 10.0.40219.1
Project("{FAE04EC0-301F-11D3-BF4B-00C04F79EFBC}") = "RegularExpression", "RegularExpression.csproj", "{D5E935C3-504F-4512-8111-428529B063C7}"
EndProject
Global
	GlobalSection(SolutionConfigurationPlatforms) = preSolution
		Debug|Any CPU = Debug|Any CPU
		Release|Any CPU = Release|Any CPU
	EndGlobalSection
	GlobalSection(ProjectConfigurationPlatforms) = postSolution
		{D5E935C3-504F-4512-8111-428529B063C7}.Debug|Any CPU.ActiveCfg = Debug|Any CPU
		{D5E935C3-504F-4512-8111-428529B063C7}.Debug|Any CPU.Build.0 = Debug|Any CPU
		{D5E935C3-504F-4512-8111-428529B063C7}.Release|Any CPU.ActiveCfg = Release|Any CPU
		{D5E935C3-504F-4512-8111-428529B063C7}.Release|Any CPU.Build.0 = Release|Any CPU
	EndGlobalSection
	GlobalSection(SolutionProperties) = preSolution
		HideSolutionNode = FALSE
	EndGlobalSection
	GlobalSection(ExtensibilityGlobals) = postSolution
		SolutionGuid = {00927B7E-859E-4116-9398-60E30337428E}
	EndGlobalSection
EndGlobal
